
Microsoft Visual Studio Solution File, Format Version 12.00
# Visual Studio Version 17
VisualStudioVersion = 17.5.002.0
MinimumVisualStudioVersion = 10.0.40219.1
Project("{9A19103F-16F7-4668-BE54-9A1E7A4F7556}") = "puip", "puip.csproj", "{EBE175C1-570F-4A4D-AFE6-7EEC5A420403}"
EndProject
Global
	GlobalSection(SolutionConfigurationPlatforms) = preSolution
		Debug|Any CPU = Debug|Any CPU
		Release|Any CPU = Release|Any CPU
	EndGlobalSection
	GlobalSection(ProjectConfigurationPlatforms) = postSolution
		{EBE175C1-570F-4A4D-AFE6-7EEC5A420403}.Debug|Any CPU.ActiveCfg = Debug|Any CPU
		{EBE175C1-570F-4A4D-AFE6-7EEC5A420403}.Debug|Any CPU.Build.0 = Debug|Any CPU
		{EBE175C1-570F-4A4D-AFE6-7EEC5A420403}.Release|Any CPU.ActiveCfg = Release|Any CPU
		{EBE175C1-570F-4A4D-AFE6-7EEC5A420403}.Release|Any CPU.Build.0 = Release|Any CPU
	EndGlobalSection
	GlobalSection(SolutionProperties) = preSolution
		HideSolutionNode = FALSE
	EndGlobalSection
	GlobalSection(ExtensibilityGlobals) = postSolution
		SolutionGuid = {7E5FAFD3-9624-4E38-8A2F-2C2C971F90B8}
	EndGlobalSection
EndGlobal
